<?xml version="1.0" encoding="utf-8"?>
<Project ToolsVersion="4.0" xmlns="http://schemas.microsoft.com/developer/msbuild/2003">
  <ItemGroup>
    <Filter Include="Source Files">
      <UniqueIdentifier>{4FC737F1-C7A5-4376-A066-2A32D752A2FF}</UniqueIdentifier>
      <Extensions>cpp;c;cc;cxx;c++;cppm;ixx;def;odl;idl;hpj;bat;asm;asmx</Extensions>
    </Filter>
    <Filter Include="Header Files">
      <UniqueIdentifier>{93995380-89BD-4b04-88EB-625FBE52EBFB}</UniqueIdentifier>
      <Extensions>h;hh;hpp;hxx;h++;hm;inl;inc;ipp;xsd</Extensions>
    </Filter>
    <Filter Include="Resource Files">
      <UniqueIdentifier>{67DA6AB6-F800-4c08-8B7A-83BB121AAD01}</UniqueIdentifier>
      <Extensions>rc;ico;cur;bmp;dlg;rc2;rct;bin;rgs;gif;jpg;jpeg;jpe;resx;tiff;tif;png;wav;mfcribbon-ms</Extensions>
    </Filter>
    <Filter Include="Resource Files\AssetFile">
      <UniqueIdentifier>{14d42112-4a52-4bde-8767-e4a6978ec842}</UniqueIdentifier>
    </Filter>
    <Filter Include="Resource Files\Textures">
      <UniqueIdentifier>{44908097-ae1f-473e-9dca-4543492ecc8e}</UniqueIdentifier>
    </Filter>
  </ItemGroup>
  <ItemGroup>
    <None Include="packages.config" />
    <None Include="cpp.hint" />
  </ItemGroup>
  <ItemGroup>
    <ClInclude Include="Animation.h">
      <Filter>Header Files</Filter>
    </ClInclude>
    <ClInclude Include="AnimationFrame.h">
      <Filter>Header Files</Filter>
    </ClInclude>
    <ClInclude Include="Animations.h">
      <Filter>Header Files</Filter>
    </ClInclude>
    <ClInclude Include="AssetIDs.h">
      <Filter>Header Files</Filter>
    </ClInclude>
    <ClInclude Include="Brick.h">
      <Filter>Header Files</Filter>
    </ClInclude>
    <ClInclude Include="Coin.h">
      <Filter>Header Files</Filter>
    </ClInclude>
    <ClInclude Include="Collision.h">
      <Filter>Header Files</Filter>
    </ClInclude>
    <ClInclude Include="debug.h">
      <Filter>Header Files</Filter>
    </ClInclude>
    <ClInclude Include="Game.h">
      <Filter>Header Files</Filter>
    </ClInclude>
    <ClInclude Include="GameObject.h">
      <Filter>Header Files</Filter>
    </ClInclude>
    <ClInclude Include="Goomba.h">
      <Filter>Header Files</Filter>
    </ClInclude>
    <ClInclude Include="KeyEventHandler.h">
      <Filter>Header Files</Filter>
    </ClInclude>
    <ClInclude Include="Mario.h">
      <Filter>Header Files</Filter>
    </ClInclude>
    <ClInclude Include="Platform.h">
      <Filter>Header Files</Filter>
    </ClInclude>
    <ClInclude Include="PlayScene.h">
      <Filter>Header Files</Filter>
    </ClInclude>
    <ClInclude Include="SampleKeyEventHandler.h">
      <Filter>Header Files</Filter>
    </ClInclude>
    <ClInclude Include="Sprite.h">
      <Filter>Header Files</Filter>
    </ClInclude>
    <ClInclude Include="Sprites.h">
      <Filter>Header Files</Filter>
    </ClInclude>
    <ClInclude Include="Textures.h">
      <Filter>Header Files</Filter>
    </ClInclude>
    <ClInclude Include="Utils.h">
      <Filter>Header Files</Filter>
    </ClInclude>
    <ClInclude Include="Scene.h">
      <Filter>Header Files</Filter>
    </ClInclude>
    <ClInclude Include="Portal.h">
      <Filter>Header Files</Filter>
    </ClInclude>
    <ClInclude Include="Background.h">
      <Filter>Header Files</Filter>
    </ClInclude>
    <ClInclude Include="QuestionBlock.h">
      <Filter>Header Files</Filter>
    </ClInclude>
    <ClInclude Include="Pipe.h">
      <Filter>Header Files</Filter>
    </ClInclude>
    <ClInclude Include="RedMushroom.h">
      <Filter>Header Files</Filter>
    </ClInclude>
    <ClInclude Include="PiranhaPlant.h">
      <Filter>Header Files</Filter>
    </ClInclude>
    <ClInclude Include="Bullet.h">
      <Filter>Header Files</Filter>
    </ClInclude>
    <ClInclude Include="Koopas.h">
      <Filter>Header Files</Filter>
    </ClInclude>
    <ClInclude Include="Leaf.h">
      <Filter>Header Files</Filter>
    </ClInclude>
    <ClInclude Include="Cloud.h">
      <Filter>Header Files</Filter>
    </ClInclude>
    <ClInclude Include="HUD.h">
      <Filter>Header Files</Filter>
    </ClInclude>
    <ClInclude Include="GrassInMap.h">
      <Filter>Header Files</Filter>
    </ClInclude>
    <ClInclude Include="MarioStop.h">
      <Filter>Header Files</Filter>
    </ClInclude>
    <ClInclude Include="ColorBox.h">
      <Filter>Header Files</Filter>
    </ClInclude>
    <ClInclude Include="Curtains.h">
      <Filter>Header Files</Filter>
    </ClInclude>
    <ClInclude Include="Effect.h">
      <Filter>Header Files</Filter>
    </ClInclude>
    <ClInclude Include="Goal.h">
      <Filter>Header Files</Filter>
    </ClInclude>
    <ClInclude Include="RedGoomba.h">
      <Filter>Header Files</Filter>
    </ClInclude>
    <ClInclude Include="Timer.h">
      <Filter>Header Files</Filter>
    </ClInclude>
    <ClInclude Include="PointInHUD.h">
      <Filter>Header Files</Filter>
    </ClInclude>
  </ItemGroup>
  <ItemGroup>
    <ClCompile Include="Animation.cpp">
      <Filter>Source Files</Filter>
    </ClCompile>
    <ClCompile Include="Animations.cpp">
      <Filter>Source Files</Filter>
    </ClCompile>
    <ClCompile Include="Brick.cpp">
      <Filter>Source Files</Filter>
    </ClCompile>
    <ClCompile Include="Coin.cpp">
      <Filter>Source Files</Filter>
    </ClCompile>
    <ClCompile Include="Collision.cpp">
      <Filter>Source Files</Filter>
    </ClCompile>
    <ClCompile Include="debug.cpp">
      <Filter>Source Files</Filter>
    </ClCompile>
    <ClCompile Include="Game.cpp">
      <Filter>Source Files</Filter>
    </ClCompile>
    <ClCompile Include="GameObject.cpp">
      <Filter>Source Files</Filter>
    </ClCompile>
    <ClCompile Include="Goomba.cpp">
      <Filter>Source Files</Filter>
    </ClCompile>
    <ClCompile Include="Mario.cpp">
      <Filter>Source Files</Filter>
    </ClCompile>
    <ClCompile Include="Platform.cpp">
      <Filter>Source Files</Filter>
    </ClCompile>
    <ClCompile Include="PlayScene.cpp">
      <Filter>Source Files</Filter>
    </ClCompile>
    <ClCompile Include="SampleKeyEventHandler.cpp">
      <Filter>Source Files</Filter>
    </ClCompile>
    <ClCompile Include="Sprite.cpp">
      <Filter>Source Files</Filter>
    </ClCompile>
    <ClCompile Include="Sprites.cpp">
      <Filter>Source Files</Filter>
    </ClCompile>
    <ClCompile Include="Textures.cpp">
      <Filter>Source Files</Filter>
    </ClCompile>
    <ClCompile Include="Utils.cpp">
      <Filter>Source Files</Filter>
    </ClCompile>
    <ClCompile Include="main.cpp">
      <Filter>Source Files</Filter>
    </ClCompile>
    <ClCompile Include="Portal.cpp">
      <Filter>Source Files</Filter>
    </ClCompile>
    <ClCompile Include="Background.cpp">
      <Filter>Source Files</Filter>
    </ClCompile>
    <ClCompile Include="QuestionBlock.cpp">
      <Filter>Source Files</Filter>
    </ClCompile>
    <ClCompile Include="Pipe.cpp">
      <Filter>Source Files</Filter>
    </ClCompile>
    <ClCompile Include="RedMushroom.cpp">
      <Filter>Source Files</Filter>
    </ClCompile>
    <ClCompile Include="PiranhaPlant.cpp">
      <Filter>Source Files</Filter>
    </ClCompile>
    <ClCompile Include="Bullet.cpp">
      <Filter>Source Files</Filter>
    </ClCompile>
    <ClCompile Include="Koopas.cpp">
      <Filter>Source Files</Filter>
    </ClCompile>
    <ClCompile Include="Leaf.cpp">
      <Filter>Source Files</Filter>
    </ClCompile>
    <ClCompile Include="Cloud.cpp">
      <Filter>Source Files</Filter>
    </ClCompile>
    <ClCompile Include="HUD.cpp">
      <Filter>Source Files</Filter>
    </ClCompile>
    <ClCompile Include="GrassInMap.cpp">
      <Filter>Source Files</Filter>
    </ClCompile>
    <ClCompile Include="MarioStop.cpp">
      <Filter>Source Files</Filter>
    </ClCompile>
    <ClCompile Include="ColorBox.cpp">
      <Filter>Source Files</Filter>
    </ClCompile>
    <ClCompile Include="Curtains.cpp">
      <Filter>Source Files</Filter>
    </ClCompile>
    <ClCompile Include="Effect.cpp">
      <Filter>Source Files</Filter>
    </ClCompile>
    <ClCompile Include="Goal.cpp">
      <Filter>Source Files</Filter>
    </ClCompile>
    <ClCompile Include="RedGoomba.cpp">
      <Filter>Source Files</Filter>
    </ClCompile>
    <ClCompile Include="Timer.cpp">
      <Filter>Source Files</Filter>
    </ClCompile>
    <ClCompile Include="PointInHUD.cpp">
      <Filter>Source Files</Filter>
    </ClCompile>
  </ItemGroup>
  <ItemGroup>
    <Text Include="AssetFile\brick.txt">
      <Filter>Resource Files\AssetFile</Filter>
    </Text>
    <Text Include="AssetFile\coin.txt">
      <Filter>Resource Files\AssetFile</Filter>
    </Text>
    <Text Include="AssetFile\mario.txt">
      <Filter>Resource Files\AssetFile</Filter>
    </Text>
    <Text Include="AssetFile\game_start.txt">
      <Filter>Resource Files\AssetFile</Filter>
    </Text>
    <Text Include="AssetFile\scene1.txt">
      <Filter>Resource Files\AssetFile</Filter>
    </Text>
    <Text Include="AssetFile\Road.txt">
      <Filter>Resource Files\AssetFile</Filter>
    </Text>
    <Text Include="AssetFile\Background.txt">
      <Filter>Resource Files\AssetFile</Filter>
    </Text>
    <Text Include="AssetFile\ColorBox.txt">
      <Filter>Resource Files\AssetFile</Filter>
    </Text>
    <Text Include="AssetFile\Pipe.txt">
      <Filter>Resource Files\AssetFile</Filter>
    </Text>
    <Text Include="AssetFile\questionblock.txt">
      <Filter>Resource Files\AssetFile</Filter>
    </Text>
    <Text Include="AssetFile\goomba.txt">
      <Filter>Resource Files\AssetFile</Filter>
    </Text>
    <Text Include="AssetFile\redmushroom.txt">
      <Filter>Resource Files\AssetFile</Filter>
    </Text>
    <Text Include="AssetFile\bullet.txt">
      <Filter>Resource Files\AssetFile</Filter>
    </Text>
    <Text Include="AssetFile\piranha.txt">
      <Filter>Resource Files\AssetFile</Filter>
    </Text>
    <Text Include="AssetFile\koopas.txt">
      <Filter>Resource Files\AssetFile</Filter>
    </Text>
    <Text Include="AssetFile\ScoreGame.txt">
      <Filter>Resource Files\AssetFile</Filter>
    </Text>
    <Text Include="AssetFile\scene2.txt">
      <Filter>Resource Files\AssetFile</Filter>
    </Text>
    <Text Include="AssetFile\GrassInMap.txt">
      <Filter>Resource Files\AssetFile</Filter>
    </Text>
    <Text Include="AssetFile\scene3.txt">
      <Filter>Resource Files\AssetFile</Filter>
    </Text>
    <Text Include="AssetFile\effect.txt">
      <Filter>Resource Files\AssetFile</Filter>
    </Text>
  </ItemGroup>
  <ItemGroup>
    <Image Include="textures\bbox.png">
      <Filter>Resource Files\Textures</Filter>
    </Image>
    <Image Include="textures\hud.png">
      <Filter>Resource Files\Textures</Filter>
    </Image>
    <Image Include="textures\black.png">
      <Filter>Resource Files\Textures</Filter>
    </Image>
    <Image Include="textures\enemies.png">
      <Filter>Resource Files\Textures</Filter>
    </Image>
    <Image Include="textures\enemies1_flip_horizontal.png">
      <Filter>Resource Files\Textures</Filter>
    </Image>
    <Image Include="textures\enemies1_flip_vertical.png">
      <Filter>Resource Files\Textures</Filter>
    </Image>
    <Image Include="textures\item.png">
      <Filter>Resource Files\Textures</Filter>
    </Image>
    <Image Include="textures\misc.png">
      <Filter>Resource Files\Textures</Filter>
    </Image>
    <Image Include="textures\misc_flip.png">
      <Filter>Resource Files\Textures</Filter>
    </Image>
    <Image Include="textures\mario.png">
      <Filter>Resource Files\Textures</Filter>
    </Image>
    <Image Include="textures\worldmap.png">
      <Filter>Resource Files\Textures</Filter>
    </Image>
    <Image Include="textures\intro.png">
      <Filter>Resource Files\Textures</Filter>
    </Image>
    <Image Include="textures\reward.png">
      <Filter>Resource Files\Textures</Filter>
    </Image>
    <Image Include="textures\enemy.png">
      <Filter>Resource Files\Textures</Filter>
    </Image>
  </ItemGroup>
</Project>